{
	"name": "react-data-grid",
	"version": "6.0.1",
	"lockfileVersion": 1,
	"requires": true,
	"dependencies": {
		"classnames": {
			"version": "2.2.6",
			"resolved": "https://registry.npmjs.org/classnames/-/classnames-2.2.6.tgz",
			"integrity": "sha512-JR/iSQOSt+LQIWwrwEzJ9uk0xfN3mTVYMwt1Ir5mUcSN6pU+V4zQFFaJsclJbPuAUQH+yfWef6tm7l1quW3C8Q==",
			"dev": true
		},
		"object-assign": {
			"version": "4.1.1",
			"resolved": "https://registry.npmjs.org/object-assign/-/object-assign-4.1.1.tgz",
			"integrity": "sha1-IQmtx5ZYh8/AXLvUQsrIv7s2CGM="
		},
		"react-contextmenu": {
			"version": "2.10.0",
			"resolved": "https://registry.npmjs.org/react-contextmenu/-/react-contextmenu-2.10.0.tgz",
			"integrity": "sha512-neiZGpfxfYFjqbcIExi69qruqhB7l0LKEguHDXeizgyTGbJHTwbq1GplXCHIafUAkbGZH8FfD9PBeUcSRG78+Q==",
			"dev": true,
			"requires": {
				"classnames": "^2.2.5",
				"object-assign": "^4.1.0"
			}
		},
		"react-is-deprecated": {
			"version": "0.1.2",
			"resolved": "https://registry.npmjs.org/react-is-deprecated/-/react-is-deprecated-0.1.2.tgz",
			"integrity": "sha1-MBFI+G6kKP6OZz7KejchYLdXnb0="
		},
		"shallowequal": {
			"version": "1.1.0",
			"resolved": "https://registry.npmjs.org/shallowequal/-/shallowequal-1.1.0.tgz",
			"integrity": "sha512-y0m1JoUZSlPAjXVtPPW70aZWfIL/dSP7AFkRnniLCrK/8MDKog3TySTBmckD+RObVxH0v4Tox67+F14PdED2oQ=="
		}
	}
}
