{
  "name": "react-data-grid-examples",
  "version": "3.0.11",
  "lockfileVersion": 1,
  "requires": true,
  "dependencies": {
    "abbrev": {
      "version": "1.1.1",
      "resolved": "https://registry.npmjs.org/abbrev/-/abbrev-1.1.1.tgz",
      "integrity": "sha512-nne9/IiQ/hzIhY6pdDnbBtz7DjPTKrY00P/zvPSm5pOFkl6xuGrGnXn/VtTNNfNtAfZ9/1RtehkszU9qcTii0Q==",
      "dev": true
    },
    "bootstrap": {
      "version": "3.3.7",
      "resolved": "https://registry.npmjs.org/bootstrap/-/bootstrap-3.3.7.tgz",
      "integrity": "sha1-WjiTlFSfIzMIdaOxUGVldPip63E=",
      "dev": true
    },
    "can-use-dom": {
      "version": "0.1.0",
      "resolved": "https://registry.npmjs.org/can-use-dom/-/can-use-dom-0.1.0.tgz",
      "integrity": "sha1-IsxKNKCrxDlQ9CxkEQJKP2NmtFo=",
      "dev": true
    },
    "immutability-helper": {
      "version": "2.6.4",
      "resolved": "https://registry.npmjs.org/immutability-helper/-/immutability-helper-2.6.4.tgz",
      "integrity": "sha512-jhFwZoBOOzfxKXGO86G0zrD0dHEUgAfFhDMOBRizonX2nUtWAG8vepjTVJkmJDoKV6XtPlm/21gNXcToBe0D/A==",
      "requires": {
        "invariant": "2.2.2"
      }
    },
    "invariant": {
      "version": "2.2.2",
      "resolved": "https://registry.npmjs.org/invariant/-/invariant-2.2.2.tgz",
      "integrity": "sha1-nh9WrArNtr8wMwbzOL47IErmA2A=",
      "requires": {
        "loose-envify": "1.3.1"
      }
    },
    "jquery": {
      "version": "2.2.4",
      "resolved": "https://registry.npmjs.org/jquery/-/jquery-2.2.4.tgz",
      "integrity": "sha1-LInWiJterFIqfuoywUUhVZxsvwI=",
      "dev": true
    },
    "js-tokens": {
      "version": "3.0.2",
      "resolved": "https://registry.npmjs.org/js-tokens/-/js-tokens-3.0.2.tgz",
      "integrity": "sha1-mGbfOVECEw449/mWvOtlRDIJwls="
    },
    "lodash": {
      "version": "4.17.4",
      "resolved": "https://registry.npmjs.org/lodash/-/lodash-4.17.4.tgz",
      "integrity": "sha1-eCA6TRwyiuHYbcpkYONptX9AVa4=",
      "dev": true
    },
    "lodash.groupby": {
      "version": "4.6.0",
      "resolved": "https://registry.npmjs.org/lodash.groupby/-/lodash.groupby-4.6.0.tgz",
      "integrity": "sha1-Cwih3PaDl8OXhVwyOXg4Mt90A9E=",
      "dev": true
    },
    "loose-envify": {
      "version": "1.3.1",
      "resolved": "https://registry.npmjs.org/loose-envify/-/loose-envify-1.3.1.tgz",
      "integrity": "sha1-0aitM/qc4OcT1l/dCsi3SNR4yEg=",
      "requires": {
        "js-tokens": "3.0.2"
      }
    },
    "markdown": {
      "version": "0.5.0",
      "resolved": "https://registry.npmjs.org/markdown/-/markdown-0.5.0.tgz",
      "integrity": "sha1-KCBbVlqK51kt4gdGPWY33BgnIrI=",
      "dev": true,
      "requires": {
        "nopt": "2.1.2"
      }
    },
    "nopt": {
      "version": "2.1.2",
      "resolved": "https://registry.npmjs.org/nopt/-/nopt-2.1.2.tgz",
      "integrity": "sha1-bMzZd7gBMqB3MdbozljCyDA8+a8=",
      "dev": true,
      "requires": {
        "abbrev": "1.1.1"
      }
    },
    "object-assign": {
      "version": "2.1.1",
      "resolved": "https://registry.npmjs.org/object-assign/-/object-assign-2.1.1.tgz",
      "integrity": "sha1-Q8NuXVaf+OSBbE76i+AtJpZ8GKo=",
      "dev": true
    },
    "qs": {
      "version": "2.4.1",
      "resolved": "https://registry.npmjs.org/qs/-/qs-2.4.1.tgz",
      "integrity": "sha1-aMuuqXEBNCaoDBQE+taxprEXUkU=",
      "dev": true
    },
    "react-data-grid": {
      "version": "3.0.11"
    },
    "react-data-grid-addons": {
      "version": "3.0.11",
      "requires": {
        "react-data-grid": "3.0.11"
      },
      "dependencies": {
        "jquery": {
          "version": "2.2.4",
          "bundled": true
        },
        "lodash": {
          "version": "4.17.4",
          "bundled": true
        },
        "lodash.groupby": {
          "version": "4.6.0",
          "bundled": true
        },
        "react-data-grid": {
          "version": "3.0.11",
          "bundled": true
        }
      }
    },
    "react-router": {
      "version": "0.13.6",
      "resolved": "https://registry.npmjs.org/react-router/-/react-router-0.13.6.tgz",
      "integrity": "sha1-G8OcdF1CMmy1Hxx0UkeWdaUXL6k=",
      "dev": true,
      "requires": {
        "can-use-dom": "0.1.0",
        "invariant": "2.2.2",
        "object-assign": "2.1.1",
        "qs": "2.4.1"
      }
    }
  }
}
