{
	"name": "react-data-grid-examples",
	"version": "6.0.1",
	"lockfileVersion": 1,
	"requires": true,
	"dependencies": {
		"@babel/runtime": {
			"version": "7.3.4",
			"resolved": "https://registry.npmjs.org/@babel/runtime/-/runtime-7.3.4.tgz",
			"integrity": "sha512-IvfvnMdSaLBateu0jfsYIpZTxAc2cKEXEMiezGGN75QcBcecDUKd3PgLAncT0oOgxKy8dd8hrJKj9MfzgfZd6g==",
			"dev": true,
			"requires": {
				"regenerator-runtime": "^0.12.0"
			}
		},
		"abbrev": {
			"version": "1.1.1",
			"resolved": "https://registry.npmjs.org/abbrev/-/abbrev-1.1.1.tgz",
			"integrity": "sha512-nne9/IiQ/hzIhY6pdDnbBtz7DjPTKrY00P/zvPSm5pOFkl6xuGrGnXn/VtTNNfNtAfZ9/1RtehkszU9qcTii0Q==",
			"dev": true
		},
		"balanced-match": {
			"version": "0.4.2",
			"resolved": "https://registry.npmjs.org/balanced-match/-/balanced-match-0.4.2.tgz",
			"integrity": "sha1-yz8+PHMtwPAe5wtAPzAuYddwmDg=",
			"dev": true
		},
		"bootstrap": {
			"version": "3.4.1",
			"resolved": "https://registry.npmjs.org/bootstrap/-/bootstrap-3.4.1.tgz",
			"integrity": "sha512-yN5oZVmRCwe5aKwzRj6736nSmKDX7pLYwsXiCj/EYmo16hODaBiT4En5btW/jhBF/seV+XMx3aYwukYC3A49DA==",
			"dev": true
		},
		"classnames": {
			"version": "2.2.6",
			"resolved": "https://registry.npmjs.org/classnames/-/classnames-2.2.6.tgz",
			"integrity": "sha512-JR/iSQOSt+LQIWwrwEzJ9uk0xfN3mTVYMwt1Ir5mUcSN6pU+V4zQFFaJsclJbPuAUQH+yfWef6tm7l1quW3C8Q==",
			"dev": true
		},
		"core-js": {
			"version": "2.5.7",
			"resolved": "https://registry.npmjs.org/core-js/-/core-js-2.5.7.tgz",
			"integrity": "sha512-RszJCAxg/PP6uzXVXL6BsxSXx/B05oJAQ2vkJRjyjrEcNVycaqOmNb5OTxZPE3xa5gwZduqza6L9JOCenh/Ecw==",
			"dev": true
		},
		"d3-array": {
			"version": "1.2.4",
			"resolved": "https://registry.npmjs.org/d3-array/-/d3-array-1.2.4.tgz",
			"integrity": "sha512-KHW6M86R+FUPYGb3R5XiYjXPq7VzwxZ22buHhAEVG5ztoEcZZMLov530mmccaqA1GghZArjQV46fuc8kUqhhHw==",
			"dev": true
		},
		"d3-collection": {
			"version": "1.0.7",
			"resolved": "https://registry.npmjs.org/d3-collection/-/d3-collection-1.0.7.tgz",
			"integrity": "sha512-ii0/r5f4sjKNTfh84Di+DpztYwqKhEyUlKoPrzUFfeSkWxjW49xU2QzO9qrPrNkpdI0XJkfzvmTu8V2Zylln6A==",
			"dev": true
		},
		"d3-color": {
			"version": "1.2.3",
			"resolved": "https://registry.npmjs.org/d3-color/-/d3-color-1.2.3.tgz",
			"integrity": "sha512-x37qq3ChOTLd26hnps36lexMRhNXEtVxZ4B25rL0DVdDsGQIJGB18S7y9XDwlDD6MD/ZBzITCf4JjGMM10TZkw==",
			"dev": true
		},
		"d3-format": {
			"version": "1.3.2",
			"resolved": "https://registry.npmjs.org/d3-format/-/d3-format-1.3.2.tgz",
			"integrity": "sha512-Z18Dprj96ExragQ0DeGi+SYPQ7pPfRMtUXtsg/ChVIKNBCzjO8XYJvRTC1usblx52lqge56V5ect+frYTQc8WQ==",
			"dev": true
		},
		"d3-interpolate": {
			"version": "1.3.2",
			"resolved": "https://registry.npmjs.org/d3-interpolate/-/d3-interpolate-1.3.2.tgz",
			"integrity": "sha512-NlNKGopqaz9qM1PXh9gBF1KSCVh+jSFErrSlD/4hybwoNX/gt1d8CDbDW+3i+5UOHhjC6s6nMvRxcuoMVNgL2w==",
			"dev": true,
			"requires": {
				"d3-color": "1"
			}
		},
		"d3-path": {
			"version": "1.0.7",
			"resolved": "https://registry.npmjs.org/d3-path/-/d3-path-1.0.7.tgz",
			"integrity": "sha512-q0cW1RpvA5c5ma2rch62mX8AYaiLX0+bdaSM2wxSU9tXjU4DNvkx9qiUvjkuWCj3p22UO/hlPivujqMiR9PDzA==",
			"dev": true
		},
		"d3-scale": {
			"version": "2.1.2",
			"resolved": "https://registry.npmjs.org/d3-scale/-/d3-scale-2.1.2.tgz",
			"integrity": "sha512-bESpd64ylaKzCDzvULcmHKZTlzA/6DGSVwx7QSDj/EnX9cpSevsdiwdHFYI9ouo9tNBbV3v5xztHS2uFeOzh8Q==",
			"dev": true,
			"requires": {
				"d3-array": "^1.2.0",
				"d3-collection": "1",
				"d3-format": "1",
				"d3-interpolate": "1",
				"d3-time": "1",
				"d3-time-format": "2"
			}
		},
		"d3-shape": {
			"version": "1.2.3",
			"resolved": "https://registry.npmjs.org/d3-shape/-/d3-shape-1.2.3.tgz",
			"integrity": "sha512-mdrQ+V3jdEAa5k9clSEhCNFtq+pdky25PBGjocUgAI0AUbu/Esq4x6bdFcjkNura87Wqp1pd3dfZh6uJ+XojlA==",
			"dev": true,
			"requires": {
				"d3-path": "1"
			}
		},
		"d3-time": {
			"version": "1.0.11",
			"resolved": "https://registry.npmjs.org/d3-time/-/d3-time-1.0.11.tgz",
			"integrity": "sha512-Z3wpvhPLW4vEScGeIMUckDW7+3hWKOQfAWg/U7PlWBnQmeKQ00gCUsTtWSYulrKNA7ta8hJ+xXc6MHrMuITwEw==",
			"dev": true
		},
		"d3-time-format": {
			"version": "2.1.3",
			"resolved": "https://registry.npmjs.org/d3-time-format/-/d3-time-format-2.1.3.tgz",
			"integrity": "sha512-6k0a2rZryzGm5Ihx+aFMuO1GgelgIz+7HhB4PH4OEndD5q2zGn1mDfRdNrulspOfR6JXkb2sThhDK41CSK85QA==",
			"dev": true,
			"requires": {
				"d3-time": "1"
			}
		},
		"decimal.js-light": {
			"version": "2.5.0",
			"resolved": "https://registry.npmjs.org/decimal.js-light/-/decimal.js-light-2.5.0.tgz",
			"integrity": "sha512-b3VJCbd2hwUpeRGG3Toob+CRo8W22xplipNhP3tN7TSVB/cyMX71P1vM2Xjc9H74uV6dS2hDDmo/rHq8L87Upg==",
			"dev": true
		},
		"dom-helpers": {
			"version": "3.4.0",
			"resolved": "https://registry.npmjs.org/dom-helpers/-/dom-helpers-3.4.0.tgz",
			"integrity": "sha512-LnuPJ+dwqKDIyotW1VzmOZ5TONUN7CwkCR5hrgawTUbkBGYdeoNLZo6nNfGkCrjtE1nXXaj7iMMpDa8/d9WoIA==",
			"dev": true,
			"requires": {
				"@babel/runtime": "^7.1.2"
			}
		},
		"history": {
			"version": "4.7.2",
			"resolved": "https://registry.npmjs.org/history/-/history-4.7.2.tgz",
			"integrity": "sha512-1zkBRWW6XweO0NBcjiphtVJVsIQ+SXF29z9DVkceeaSLVMFXHool+fdCZD4spDCfZJCILPILc3bm7Bc+HRi0nA==",
			"requires": {
				"invariant": "^2.2.1",
				"loose-envify": "^1.2.0",
				"resolve-pathname": "^2.2.0",
				"value-equal": "^0.4.0",
				"warning": "^3.0.0"
			},
			"dependencies": {
				"warning": {
					"version": "3.0.0",
					"resolved": "https://registry.npmjs.org/warning/-/warning-3.0.0.tgz",
					"integrity": "sha1-MuU3fLVy3kqwR1O9+IIcAe1gW3w=",
					"requires": {
						"loose-envify": "^1.0.0"
					}
				}
			}
		},
		"hoist-non-react-statics": {
			"version": "2.5.5",
			"resolved": "https://registry.npmjs.org/hoist-non-react-statics/-/hoist-non-react-statics-2.5.5.tgz",
			"integrity": "sha512-rqcy4pJo55FTTLWt+bU8ukscqHeE/e9KWvsOW2b/a3afxQZhwkQdT1rPPCJ0rYXdj4vNcasY8zHTH+jF/qStxw=="
		},
		"immutability-helper": {
			"version": "2.9.1",
			"resolved": "https://registry.npmjs.org/immutability-helper/-/immutability-helper-2.9.1.tgz",
			"integrity": "sha512-r/RmRG8xO06s/k+PIaif2r5rGc3j4Yhc01jSBfwPCXDLYZwp/yxralI37Df1mwmuzcCsen/E/ITKcTEvc1PQmQ==",
			"requires": {
				"invariant": "^2.2.0"
			}
		},
		"invariant": {
			"version": "2.2.4",
			"resolved": "https://registry.npmjs.org/invariant/-/invariant-2.2.4.tgz",
			"integrity": "sha512-phJfQVBuaJM5raOpJjSfkiD6BpbCE4Ns//LaXl6wGYtUBY83nWS6Rf9tXm2e8VaK60JEjYldbPif/A2B1C2gNA==",
			"requires": {
				"loose-envify": "^1.0.0"
			}
		},
		"isarray": {
			"version": "0.0.1",
			"resolved": "https://registry.npmjs.org/isarray/-/isarray-0.0.1.tgz",
			"integrity": "sha1-ihis/Kmo9Bd+Cav8YDiTmwXR7t8="
		},
		"jquery": {
			"version": "2.2.4",
			"resolved": "https://registry.npmjs.org/jquery/-/jquery-2.2.4.tgz",
			"integrity": "sha1-LInWiJterFIqfuoywUUhVZxsvwI=",
			"dev": true
		},
		"js-tokens": {
			"version": "4.0.0",
			"resolved": "https://registry.npmjs.org/js-tokens/-/js-tokens-4.0.0.tgz",
			"integrity": "sha512-RdJUflcE3cUzKiMqQgsCu06FPu9UdIJO0beYbPhHN4k6apgJtifcoCtT9bcxOpYBtpD2kCM6Sbzg4CausW/PKQ=="
		},
		"lodash": {
			"version": "4.17.11",
			"resolved": "https://registry.npmjs.org/lodash/-/lodash-4.17.11.tgz",
			"integrity": "sha512-cQKh8igo5QUhZ7lg38DYWAxMvjSAKG0A8wGSVimP07SIUEK2UO+arSRKbRZWtelMtN5V0Hkwh5ryOto/SshYIg==",
			"dev": true
		},
		"lodash.debounce": {
			"version": "4.0.8",
			"resolved": "https://registry.npmjs.org/lodash.debounce/-/lodash.debounce-4.0.8.tgz",
			"integrity": "sha1-gteb/zCmfEAF/9XiUVMArZyk168=",
			"dev": true
		},
		"lodash.throttle": {
			"version": "4.1.1",
			"resolved": "https://registry.npmjs.org/lodash.throttle/-/lodash.throttle-4.1.1.tgz",
			"integrity": "sha1-wj6RtxAkKscMN/HhzaknTMOb8vQ=",
			"dev": true
		},
		"loose-envify": {
			"version": "1.4.0",
			"resolved": "https://registry.npmjs.org/loose-envify/-/loose-envify-1.4.0.tgz",
			"integrity": "sha512-lyuxPGr/Wfhrlem2CL/UcnUc1zcqKAImBDzukY7Y5F/yQiNdko6+fRLevlw1HgMySw7f611UIY408EtxRSoK3Q==",
			"requires": {
				"js-tokens": "^3.0.0 || ^4.0.0"
			}
		},
		"markdown": {
			"version": "0.5.0",
			"resolved": "https://registry.npmjs.org/markdown/-/markdown-0.5.0.tgz",
			"integrity": "sha1-KCBbVlqK51kt4gdGPWY33BgnIrI=",
			"dev": true,
			"requires": {
				"nopt": "~2.1.1"
			}
		},
		"math-expression-evaluator": {
			"version": "1.2.17",
			"resolved": "https://registry.npmjs.org/math-expression-evaluator/-/math-expression-evaluator-1.2.17.tgz",
			"integrity": "sha1-3oGf282E3M2PrlnGrreWFbnSZqw=",
			"dev": true
		},
		"nopt": {
			"version": "2.1.2",
			"resolved": "https://registry.npmjs.org/nopt/-/nopt-2.1.2.tgz",
			"integrity": "sha1-bMzZd7gBMqB3MdbozljCyDA8+a8=",
			"dev": true,
			"requires": {
				"abbrev": "1"
			}
		},
		"object-assign": {
			"version": "4.1.1",
			"resolved": "https://registry.npmjs.org/object-assign/-/object-assign-4.1.1.tgz",
			"integrity": "sha1-IQmtx5ZYh8/AXLvUQsrIv7s2CGM="
		},
		"path-to-regexp": {
			"version": "1.7.0",
			"resolved": "https://registry.npmjs.org/path-to-regexp/-/path-to-regexp-1.7.0.tgz",
			"integrity": "sha1-Wf3g9DW62suhA6hOnTvGTpa5k30=",
			"requires": {
				"isarray": "0.0.1"
			}
		},
		"performance-now": {
			"version": "2.1.0",
			"resolved": "https://registry.npmjs.org/performance-now/-/performance-now-2.1.0.tgz",
			"integrity": "sha1-Ywn04OX6kT7BxpMHrjZLSzd8nns=",
			"dev": true
		},
		"prop-types": {
			"version": "15.7.2",
			"resolved": "https://registry.npmjs.org/prop-types/-/prop-types-15.7.2.tgz",
			"integrity": "sha512-8QQikdH7//R2vurIJSutZ1smHYTcLpRWEOlHnzcWHmBYrOGUysKwSsrC89BCiFj3CbrfJ/nXFdJepOVrY1GCHQ==",
			"requires": {
				"loose-envify": "^1.4.0",
				"object-assign": "^4.1.1",
				"react-is": "^16.8.1"
			}
		},
		"raf": {
			"version": "3.4.1",
			"resolved": "https://registry.npmjs.org/raf/-/raf-3.4.1.tgz",
			"integrity": "sha512-Sq4CW4QhwOHE8ucn6J34MqtZCeWFP2aQSmrlroYgqAV1PjStIhJXxYuTgUIfkEk7zTLjmIjLmU5q+fbD1NnOJA==",
			"dev": true,
			"requires": {
				"performance-now": "^2.1.0"
			}
		},
		"react-is": {
			"version": "16.8.4",
			"resolved": "https://registry.npmjs.org/react-is/-/react-is-16.8.4.tgz",
			"integrity": "sha512-PVadd+WaUDOAciICm/J1waJaSvgq+4rHE/K70j0PFqKhkTBsPv/82UGQJNXAngz1fOQLLxI6z1sEDmJDQhCTAA=="
		},
		"react-lifecycles-compat": {
			"version": "3.0.4",
			"resolved": "https://registry.npmjs.org/react-lifecycles-compat/-/react-lifecycles-compat-3.0.4.tgz",
			"integrity": "sha512-fBASbA6LnOU9dOU2eW7aQ8xmYBSXUIWr+UmF9b1efZBazGNO+rcXT/icdKnYm2pTwcRylVUYwW7H1PHfLekVzA==",
			"dev": true
		},
		"react-resize-detector": {
			"version": "2.3.0",
			"resolved": "https://registry.npmjs.org/react-resize-detector/-/react-resize-detector-2.3.0.tgz",
			"integrity": "sha512-oCAddEWWeFWYH5FAcHdBYcZjAw9fMzRUK9sWSx6WvSSOPVRxcHd5zTIGy/mOus+AhN/u6T4TMiWxvq79PywnJQ==",
			"dev": true,
			"requires": {
				"lodash.debounce": "^4.0.8",
				"lodash.throttle": "^4.1.1",
				"prop-types": "^15.6.0",
				"resize-observer-polyfill": "^1.5.0"
			}
		},
		"react-router": {
			"version": "4.3.1",
			"resolved": "https://registry.npmjs.org/react-router/-/react-router-4.3.1.tgz",
			"integrity": "sha512-yrvL8AogDh2X42Dt9iknk4wF4V8bWREPirFfS9gLU1huk6qK41sg7Z/1S81jjTrGHxa3B8R3J6xIkDAA6CVarg==",
			"requires": {
				"history": "^4.7.2",
				"hoist-non-react-statics": "^2.5.0",
				"invariant": "^2.2.4",
				"loose-envify": "^1.3.1",
				"path-to-regexp": "^1.7.0",
				"prop-types": "^15.6.1",
				"warning": "^4.0.1"
			}
		},
		"react-router-dom": {
			"version": "4.3.1",
			"resolved": "https://registry.npmjs.org/react-router-dom/-/react-router-dom-4.3.1.tgz",
			"integrity": "sha512-c/MlywfxDdCp7EnB7YfPMOfMD3tOtIjrQlj/CKfNMBxdmpJP8xcz5P/UAFn3JbnQCNUxsHyVVqllF9LhgVyFCA==",
			"requires": {
				"history": "^4.7.2",
				"invariant": "^2.2.4",
				"loose-envify": "^1.3.1",
				"prop-types": "^15.6.1",
				"react-router": "^4.3.1",
				"warning": "^4.0.1"
			}
		},
		"react-smooth": {
			"version": "1.0.2",
			"resolved": "https://registry.npmjs.org/react-smooth/-/react-smooth-1.0.2.tgz",
			"integrity": "sha512-pIGzL1g9VGAsRsdZQokIK0vrCkcdKtnOnS1gyB2rrowdLy69lNSWoIjCTWAfgbiYvria8tm5hEZqj+jwXMkV4A==",
			"dev": true,
			"requires": {
				"lodash": "~4.17.4",
				"prop-types": "^15.6.0",
				"raf": "^3.4.0",
				"react-transition-group": "^2.5.0"
			}
		},
		"react-transition-group": {
			"version": "2.6.1",
			"resolved": "https://registry.npmjs.org/react-transition-group/-/react-transition-group-2.6.1.tgz",
			"integrity": "sha512-9DHwCy0aOYEe35frlEN68N9ut/THDQBLnVoQuKTvzF4/s3tk7lqkefCqxK2Nv96fOh6JXk6tQtliygk6tl3bQA==",
			"dev": true,
			"requires": {
				"dom-helpers": "^3.3.1",
				"loose-envify": "^1.4.0",
				"prop-types": "^15.6.2",
				"react-lifecycles-compat": "^3.0.4"
			}
		},
		"recharts": {
			"version": "1.5.0",
			"resolved": "https://registry.npmjs.org/recharts/-/recharts-1.5.0.tgz",
			"integrity": "sha512-bsKJRvh4NepPJlXoI4L9oRKhrv59W7fjs6qTqk6le9MFAywe8EYiW/t07RDQHBVIj6icb+UdSFsHxEo8c5AcTg==",
			"dev": true,
			"requires": {
				"classnames": "~2.2.5",
				"core-js": "~2.5.1",
				"d3-interpolate": "~1.3.0",
				"d3-scale": "~2.1.0",
				"d3-shape": "~1.2.0",
				"lodash": "~4.17.5",
				"prop-types": "~15.6.0",
				"react-resize-detector": "~2.3.0",
				"react-smooth": "~1.0.0",
				"recharts-scale": "^0.4.2",
				"reduce-css-calc": "~1.3.0"
			},
			"dependencies": {
				"prop-types": {
					"version": "15.6.2",
					"resolved": "https://registry.npmjs.org/prop-types/-/prop-types-15.6.2.tgz",
					"integrity": "sha512-3pboPvLiWD7dkI3qf3KbUe6hKFKa52w+AE0VCqECtf+QHAKgOL37tTaNCnuX1nAAQ4ZhyP+kYVKf8rLmJ/feDQ==",
					"dev": true,
					"requires": {
						"loose-envify": "^1.3.1",
						"object-assign": "^4.1.1"
					}
				}
			}
		},
		"recharts-scale": {
			"version": "0.4.2",
			"resolved": "https://registry.npmjs.org/recharts-scale/-/recharts-scale-0.4.2.tgz",
			"integrity": "sha512-p/cKt7j17D1CImLgX2f5+6IXLbRHGUQkogIp06VUoci/XkhOQiGSzUrsD1uRmiI7jha4u8XNFOjkHkzzBPivMg==",
			"dev": true,
			"requires": {
				"decimal.js-light": "^2.4.1"
			}
		},
		"reduce-css-calc": {
			"version": "1.3.0",
			"resolved": "https://registry.npmjs.org/reduce-css-calc/-/reduce-css-calc-1.3.0.tgz",
			"integrity": "sha1-dHyRTgSWFKTJz7umKYca0dKSdxY=",
			"dev": true,
			"requires": {
				"balanced-match": "^0.4.2",
				"math-expression-evaluator": "^1.2.14",
				"reduce-function-call": "^1.0.1"
			}
		},
		"reduce-function-call": {
			"version": "1.0.2",
			"resolved": "https://registry.npmjs.org/reduce-function-call/-/reduce-function-call-1.0.2.tgz",
			"integrity": "sha1-WiAL+S4ON3UXUv5FsKszD9S2vpk=",
			"dev": true,
			"requires": {
				"balanced-match": "^0.4.2"
			}
		},
		"regenerator-runtime": {
			"version": "0.12.1",
			"resolved": "https://registry.npmjs.org/regenerator-runtime/-/regenerator-runtime-0.12.1.tgz",
			"integrity": "sha512-odxIc1/vDlo4iZcfXqRYFj0vpXFNoGdKMAUieAlFYO6m/nl5e9KR/beGf41z4a1FI+aQgtjhuaSlDxQ0hmkrHg==",
			"dev": true
		},
		"resize-observer-polyfill": {
			"version": "1.5.1",
			"resolved": "https://registry.npmjs.org/resize-observer-polyfill/-/resize-observer-polyfill-1.5.1.tgz",
			"integrity": "sha512-LwZrotdHOo12nQuZlHEmtuXdqGoOD0OhaxopaNFxWzInpEgaLWoVuAMbTzixuosCx2nEG58ngzW3vxdWoxIgdg==",
			"dev": true
		},
		"resolve-pathname": {
			"version": "2.2.0",
			"resolved": "https://registry.npmjs.org/resolve-pathname/-/resolve-pathname-2.2.0.tgz",
			"integrity": "sha512-bAFz9ld18RzJfddgrO2e/0S2O81710++chRMUxHjXOYKF6jTAMrUNZrEZ1PvV0zlhfjidm08iRPdTLPno1FuRg=="
		},
		"value-equal": {
			"version": "0.4.0",
			"resolved": "https://registry.npmjs.org/value-equal/-/value-equal-0.4.0.tgz",
			"integrity": "sha512-x+cYdNnaA3CxvMaTX0INdTCN8m8aF2uY9BvEqmxuYp8bL09cs/kWVQPVGcA35fMktdOsP69IgU7wFj/61dJHEw=="
		},
		"warning": {
			"version": "4.0.3",
			"resolved": "https://registry.npmjs.org/warning/-/warning-4.0.3.tgz",
			"integrity": "sha512-rpJyN222KWIvHJ/F53XSZv0Zl/accqHR8et1kpaMTD/fLCRxtV8iX8czMzY7sVZupTI3zcUTg8eycS2kNF9l6w==",
			"requires": {
				"loose-envify": "^1.0.0"
			}
		}
	}
}
