{
  "name": "react-data-grid-examples",
  "version": "3.0.4",
  "lockfileVersion": 1,
  "requires": true,
  "dependencies": {
    "abbrev": {
      "version": "https://registry.npmjs.org/abbrev/-/abbrev-1.0.9.tgz",
      "integrity": "sha1-kbR5JYinc4wl813W9jdSovh3YTU=",
      "dev": true
    },
    "bootstrap": {
      "version": "https://registry.npmjs.org/bootstrap/-/bootstrap-3.3.7.tgz",
      "integrity": "sha1-WjiTlFSfIzMIdaOxUGVldPip63E=",
      "dev": true
    },
    "can-use-dom": {
      "version": "https://registry.npmjs.org/can-use-dom/-/can-use-dom-0.1.0.tgz",
      "integrity": "sha1-IsxKNKCrxDlQ9CxkEQJKP2NmtFo=",
      "dev": true
    },
    "immutability-helper": {
      "version": "2.5.1",
      "resolved": "https://registry.npmjs.org/immutability-helper/-/immutability-helper-2.5.1.tgz",
      "integrity": "sha512-5bf/qTcnP1LbViXgj845PGW6a6ekQh2kkTf5kBo5zQopHROGHZS7vHGYwfS2y6wjKnmQtCbky0/rNXG6Yk+CrA==",
      "requires": {
        "invariant": "https://registry.npmjs.org/invariant/-/invariant-2.2.2.tgz"
      }
    },
    "invariant": {
      "version": "https://registry.npmjs.org/invariant/-/invariant-2.2.2.tgz",
      "integrity": "sha1-nh9WrArNtr8wMwbzOL47IErmA2A=",
      "requires": {
        "loose-envify": "https://registry.npmjs.org/loose-envify/-/loose-envify-1.3.0.tgz"
      }
    },
    "jquery": {
      "version": "https://registry.npmjs.org/jquery/-/jquery-2.2.4.tgz",
      "integrity": "sha1-LInWiJterFIqfuoywUUhVZxsvwI=",
      "dev": true
    },
    "js-tokens": {
      "version": "https://registry.npmjs.org/js-tokens/-/js-tokens-2.0.0.tgz",
      "integrity": "sha1-eZA/VWPud4zBFi5tzxoAJ8l/nLU="
    },
    "lodash": {
      "version": "https://registry.npmjs.org/lodash/-/lodash-4.17.4.tgz",
      "integrity": "sha1-eCA6TRwyiuHYbcpkYONptX9AVa4=",
      "dev": true
    },
    "lodash.groupby": {
      "version": "https://registry.npmjs.org/lodash.groupby/-/lodash.groupby-4.6.0.tgz",
      "integrity": "sha1-Cwih3PaDl8OXhVwyOXg4Mt90A9E=",
      "dev": true
    },
    "loose-envify": {
      "version": "https://registry.npmjs.org/loose-envify/-/loose-envify-1.3.0.tgz",
      "integrity": "sha1-ayYkjEL21PpLDYVC947fzeNWQqg=",
      "requires": {
        "js-tokens": "https://registry.npmjs.org/js-tokens/-/js-tokens-2.0.0.tgz"
      }
    },
    "markdown": {
      "version": "https://registry.npmjs.org/markdown/-/markdown-0.5.0.tgz",
      "integrity": "sha1-KCBbVlqK51kt4gdGPWY33BgnIrI=",
      "dev": true,
      "requires": {
        "nopt": "https://registry.npmjs.org/nopt/-/nopt-2.1.2.tgz"
      }
    },
    "nopt": {
      "version": "https://registry.npmjs.org/nopt/-/nopt-2.1.2.tgz",
      "integrity": "sha1-bMzZd7gBMqB3MdbozljCyDA8+a8=",
      "dev": true,
      "requires": {
        "abbrev": "https://registry.npmjs.org/abbrev/-/abbrev-1.0.9.tgz"
      }
    },
    "object-assign": {
      "version": "https://registry.npmjs.org/object-assign/-/object-assign-2.1.1.tgz",
      "integrity": "sha1-Q8NuXVaf+OSBbE76i+AtJpZ8GKo=",
      "dev": true
    },
    "qs": {
      "version": "https://registry.npmjs.org/qs/-/qs-2.4.1.tgz",
      "integrity": "sha1-aMuuqXEBNCaoDBQE+taxprEXUkU=",
      "dev": true
    },
    "react-data-grid": {
      "version": "3.0.4"
    },
    "react-data-grid-addons": {
      "version": "3.0.4",
      "requires": {
        "react-data-grid": "3.0.4"
      },
      "dependencies": {
        "jquery": {
          "version": "https://registry.npmjs.org/jquery/-/jquery-2.2.4.tgz",
          "bundled": true
        },
        "lodash": {
          "version": "https://registry.npmjs.org/lodash/-/lodash-4.17.4.tgz",
          "bundled": true
        },
        "lodash.groupby": {
          "version": "https://registry.npmjs.org/lodash.groupby/-/lodash.groupby-4.6.0.tgz",
          "bundled": true
        },
        "react-data-grid": {
          "version": "3.0.4",
          "bundled": true
        }
      }
    },
    "react-router": {
      "version": "https://registry.npmjs.org/react-router/-/react-router-0.13.6.tgz",
      "integrity": "sha1-G8OcdF1CMmy1Hxx0UkeWdaUXL6k=",
      "dev": true,
      "requires": {
        "can-use-dom": "https://registry.npmjs.org/can-use-dom/-/can-use-dom-0.1.0.tgz",
        "invariant": "https://registry.npmjs.org/invariant/-/invariant-2.2.2.tgz",
        "object-assign": "https://registry.npmjs.org/object-assign/-/object-assign-2.1.1.tgz",
        "qs": "https://registry.npmjs.org/qs/-/qs-2.4.1.tgz"
      }
    },
    "rxjs-es": {
      "version": "5.0.0-beta.12",
      "resolved": "https://registry.npmjs.org/rxjs-es/-/rxjs-es-5.0.0-beta.12.tgz",
      "integrity": "sha1-zxYbFz9Qhv7sETuCxNlRh7LxHEM=",
      "requires": {
        "symbol-observable": "1.1.0"
      }
    },
    "symbol-observable": {
      "version": "1.1.0",
      "resolved": "https://registry.npmjs.org/symbol-observable/-/symbol-observable-1.1.0.tgz",
      "integrity": "sha512-dQoid9tqQ+uotGhuTKEY11X4xhyYePVnqGSoSm3OGKh2E8LZ6RPULp1uXTctk33IeERlrRJYoVSBglsL05F5Uw=="
    }
  }
}
